<?xml version="1.0" encoding="utf-8"?>
<Project ToolsVersion="4.0" xmlns="http://schemas.microsoft.com/developer/msbuild/2003">
  <ItemGroup>
    <Filter Include="Source Files">
      <UniqueIdentifier>{4FC737F1-C7A5-4376-A066-2A32D752A2FF}</UniqueIdentifier>
      <Extensions>cpp;c;cc;cxx;def;odl;idl;hpj;bat;asm;asmx</Extensions>
    </Filter>
    <Filter Include="Header Files">
      <UniqueIdentifier>{93995380-89BD-4b04-88EB-625FBE52EBFB}</UniqueIdentifier>
      <Extensions>h;hh;hpp;hxx;hm;inl;inc;xsd</Extensions>
    </Filter>
    <Filter Include="Resource Files">
      <UniqueIdentifier>{67DA6AB6-F800-4c08-8B7A-83BB121AAD01}</UniqueIdentifier>
      <Extensions>rc;ico;cur;bmp;dlg;rc2;rct;bin;rgs;gif;jpg;jpeg;jpe;resx;tiff;tif;png;wav;mfcribbon-ms</Extensions>
    </Filter>
  </ItemGroup>
  <ItemGroup>
    <MASM Include="a2dw.asm">
      <Filter>Source Files</Filter>
    </MASM>
    <MASM Include="a2dw_ex.asm">
      <Filter>Source Files</Filter>
    </MASM>
    <MASM Include="a2wc.asm">
      <Filter>Source Files</Filter>
    </MASM>
    <MASM Include="about.asm">
      <Filter>Source Files</Filter>
    </MASM>
    <MASM Include="acisort.asm">
      <Filter>Source Files</Filter>
    </MASM>
    <MASM Include="aissort.asm">
      <Filter>Source Files</Filter>
    </MASM>
    <MASM Include="alloc.asm">
      <Filter>Source Files</Filter>
    </MASM>
    <MASM Include="appath.asm">
      <Filter>Source Files</Filter>
    </MASM>
    <MASM Include="appathw.asm">
      <Filter>Source Files</Filter>
    </MASM>
    <MASM Include="argbynum.asm">
      <Filter>Source Files</Filter>
    </MASM>
    <MASM Include="arr2file.asm">
      <Filter>Source Files</Filter>
    </MASM>
    <MASM Include="arr2mem.asm">
      <Filter>Source Files</Filter>
    </MASM>
    <MASM Include="arr2text.asm">
      <Filter>Source Files</Filter>
    </MASM>
    <MASM Include="arradd.asm">
      <Filter>Source Files</Filter>
    </MASM>
    <MASM Include="arralloc.asm">
      <Filter>Source Files</Filter>
    </MASM>
    <MASM Include="arrbin.asm">
      <Filter>Source Files</Filter>
    </MASM>
    <MASM Include="arrcnt.asm">
      <Filter>Source Files</Filter>
    </MASM>
    <MASM Include="arrdat.asm">
      <Filter>Source Files</Filter>
    </MASM>
    <MASM Include="arrealloc.asm">
      <Filter>Source Files</Filter>
    </MASM>
    <MASM Include="arrealoc.asm">
      <Filter>Source Files</Filter>
    </MASM>
    <MASM Include="arrextnd.asm">
      <Filter>Source Files</Filter>
    </MASM>
    <MASM Include="arrfile.asm">
      <Filter>Source Files</Filter>
    </MASM>
    <MASM Include="arrfree.asm">
      <Filter>Source Files</Filter>
    </MASM>
    <MASM Include="arrget.asm">
      <Filter>Source Files</Filter>
    </MASM>
    <MASM Include="arrlen.asm">
      <Filter>Source Files</Filter>
    </MASM>
    <MASM Include="arrmul.asm">
      <Filter>Source Files</Filter>
    </MASM>
    <MASM Include="arrset.asm">
      <Filter>Source Files</Filter>
    </MASM>
    <MASM Include="arrsub.asm">
      <Filter>Source Files</Filter>
    </MASM>
    <MASM Include="arrtotal.asm">
      <Filter>Source Files</Filter>
    </MASM>
    <MASM Include="arrtrunc.asm">
      <Filter>Source Files</Filter>
    </MASM>
    <MASM Include="arrtxt.asm">
      <Filter>Source Files</Filter>
    </MASM>
    <MASM Include="arrxtnd.asm">
      <Filter>Source Files</Filter>
    </MASM>
    <MASM Include="ascdump.asm">
      <Filter>Source Files</Filter>
    </MASM>
    <MASM Include="asqsort.asm">
      <Filter>Source Files</Filter>
    </MASM>
    <MASM Include="assort.asm">
      <Filter>Source Files</Filter>
    </MASM>
    <MASM Include="atodw.asm">
      <Filter>Source Files</Filter>
    </MASM>
    <MASM Include="atofp.asm">
      <Filter>Source Files</Filter>
    </MASM>
    <MASM Include="atol.asm">
      <Filter>Source Files</Filter>
    </MASM>
    <MASM Include="b2b_ex.asm">
      <Filter>Source Files</Filter>
    </MASM>
    <MASM Include="bcount.asm">
      <Filter>Source Files</Filter>
    </MASM>
    <MASM Include="bffolder.asm">
      <Filter>Source Files</Filter>
    </MASM>
    <MASM Include="bin2b_ex.asm">
      <Filter>Source Files</Filter>
    </MASM>
    <MASM Include="bin2hex.asm">
      <Filter>Source Files</Filter>
    </MASM>
    <MASM Include="bintbl.asm">
      <Filter>Source Files</Filter>
    </MASM>
    <MASM Include="bitmapfromfile.asm">
      <Filter>Source Files</Filter>
    </MASM>
    <MASM Include="bitmapfrompicture.asm">
      <Filter>Source Files</Filter>
    </MASM>
    <MASM Include="bitmapfromresource.asm">
      <Filter>Source Files</Filter>
    </MASM>
    <MASM Include="bldarray.asm">
      <Filter>Source Files</Filter>
    </MASM>
    <MASM Include="bm.asm">
      <Filter>Source Files</Filter>
    </MASM>
    <MASM Include="bmh.asm">
      <Filter>Source Files</Filter>
    </MASM>
    <MASM Include="bmpbutn.asm">
      <Filter>Source Files</Filter>
    </MASM>
    <MASM Include="bsearch.asm">
      <Filter>Source Files</Filter>
    </MASM>
    <MASM Include="bubsrta.asm">
      <Filter>Source Files</Filter>
    </MASM>
    <MASM Include="bubsrtd.asm">
      <Filter>Source Files</Filter>
    </MASM>
    <MASM Include="ccsorta.asm">
      <Filter>Source Files</Filter>
    </MASM>
    <MASM Include="ccsortd.asm">
      <Filter>Source Files</Filter>
    </MASM>
    <MASM Include="chtyptbl.asm">
      <Filter>Source Files</Filter>
    </MASM>
    <MASM Include="circle.asm">
      <Filter>Source Files</Filter>
    </MASM>
    <MASM Include="clargs.asm">
      <Filter>Source Files</Filter>
    </MASM>
    <MASM Include="clargsc.asm">
      <Filter>Source Files</Filter>
    </MASM>
    <MASM Include="clearscr.asm">
      <Filter>Source Files</Filter>
    </MASM>
    <MASM Include="closemmf.asm">
      <Filter>Source Files</Filter>
    </MASM>
    <MASM Include="cmpi.asm">
      <Filter>Source Files</Filter>
    </MASM>
    <MASM Include="cmpmem.asm">
      <Filter>Source Files</Filter>
    </MASM>
    <MASM Include="colordlg.asm">
      <Filter>Source Files</Filter>
    </MASM>
    <MASM Include="combsrta.asm">
      <Filter>Source Files</Filter>
    </MASM>
    <MASM Include="combsrtd.asm">
      <Filter>Source Files</Filter>
    </MASM>
    <MASM Include="creatmmf.asm">
      <Filter>Source Files</Filter>
    </MASM>
    <MASM Include="cstsorta.asm">
      <Filter>Source Files</Filter>
    </MASM>
    <MASM Include="cstsortd.asm">
      <Filter>Source Files</Filter>
    </MASM>
    <MASM Include="dbmp.asm">
      <Filter>Source Files</Filter>
    </MASM>
    <MASM Include="dcisort.asm">
      <Filter>Source Files</Filter>
    </MASM>
    <MASM Include="decommnt.asm">
      <Filter>Source Files</Filter>
    </MASM>
    <MASM Include="dectbl.asm">
      <Filter>Source Files</Filter>
    </MASM>
    <MASM Include="dicon.asm">
      <Filter>Source Files</Filter>
    </MASM>
    <MASM Include="dissort.asm">
      <Filter>Source Files</Filter>
    </MASM>
    <MASM Include="dsqsort.asm">
      <Filter>Source Files</Filter>
    </MASM>
    <MASM Include="dssort.asm">
      <Filter>Source Files</Filter>
    </MASM>
    <MASM Include="dw2a.asm">
      <Filter>Source Files</Filter>
    </MASM>
    <MASM Include="dw2ah.asm">
      <Filter>Source Files</Filter>
    </MASM>
    <MASM Include="dw2b_ex.asm">
      <Filter>Source Files</Filter>
    </MASM>
    <MASM Include="dw2h_ex.asm">
      <Filter>Source Files</Filter>
    </MASM>
    <MASM Include="dw2hex.asm">
      <Filter>Source Files</Filter>
    </MASM>
    <MASM Include="dwtoa.asm">
      <Filter>Source Files</Filter>
    </MASM>
    <MASM Include="exist.asm">
      <Filter>Source Files</Filter>
    </MASM>
    <MASM Include="existW.asm">
      <Filter>Source Files</Filter>
    </MASM>
    <MASM Include="filesize.asm">
      <Filter>Source Files</Filter>
    </MASM>
    <MASM Include="filesizeW.asm">
      <Filter>Source Files</Filter>
    </MASM>
    <MASM Include="fntdlg.asm">
      <Filter>Source Files</Filter>
    </MASM>
    <MASM Include="fptoa.asm">
      <Filter>Source Files</Filter>
    </MASM>
    <MASM Include="fptoa2.asm">
      <Filter>Source Files</Filter>
    </MASM>
    <MASM Include="frame3d.asm">
      <Filter>Source Files</Filter>
    </MASM>
    <MASM Include="framegrp.asm">
      <Filter>Source Files</Filter>
    </MASM>
    <MASM Include="framewin.asm">
      <Filter>Source Files</Filter>
    </MASM>
    <MASM Include="free.asm">
      <Filter>Source Files</Filter>
    </MASM>
    <MASM Include="frmctrl.asm">
      <Filter>Source Files</Filter>
    </MASM>
    <MASM Include="getcbtxt.asm">
      <Filter>Source Files</Filter>
    </MASM>
    <MASM Include="getcl.asm">
      <Filter>Source Files</Filter>
    </MASM>
    <MASM Include="getcl_ex.asm">
      <Filter>Source Files</Filter>
    </MASM>
    <MASM Include="geterror.asm">
      <Filter>Source Files</Filter>
    </MASM>
    <MASM Include="getfile.asm">
      <Filter>Source Files</Filter>
    </MASM>
    <MASM Include="getip.asm">
      <Filter>Source Files</Filter>
    </MASM>
    <MASM Include="getlcnt.asm">
      <Filter>Source Files</Filter>
    </MASM>
    <MASM Include="getml.asm">
      <Filter>Source Files</Filter>
    </MASM>
    <MASM Include="getpcnt.asm">
      <Filter>Source Files</Filter>
    </MASM>
    <MASM Include="getpth.asm">
      <Filter>Source Files</Filter>
    </MASM>
    <MASM Include="gettext.asm">
      <Filter>Source Files</Filter>
    </MASM>
    <MASM Include="h2btbl.asm">
      <Filter>Source Files</Filter>
    </MASM>
    <MASM Include="hex2bin.asm">
      <Filter>Source Files</Filter>
    </MASM>
    <MASM Include="hexdump.asm">
      <Filter>Source Files</Filter>
    </MASM>
    <MASM Include="hexflip.asm">
      <Filter>Source Files</Filter>
    </MASM>
    <MASM Include="hextbl.asm">
      <Filter>Source Files</Filter>
    </MASM>
    <MASM Include="htodw.asm">
      <Filter>Source Files</Filter>
    </MASM>
    <MASM Include="instring.asm">
      <Filter>Source Files</Filter>
    </MASM>
    <MASM Include="intdiv.asm">
      <Filter>Source Files</Filter>
    </MASM>
    <MASM Include="intmul.asm">
      <Filter>Source Files</Filter>
    </MASM>
    <MASM Include="intsqrt.asm">
      <Filter>Source Files</Filter>
    </MASM>
    <MASM Include="ip2str.asm">
      <Filter>Source Files</Filter>
    </MASM>
    <MASM Include="isalpha.asm">
      <Filter>Source Files</Filter>
    </MASM>
    <MASM Include="isanum.asm">
      <Filter>Source Files</Filter>
    </MASM>
    <MASM Include="islower.asm">
      <Filter>Source Files</Filter>
    </MASM>
    <MASM Include="isnumber.asm">
      <Filter>Source Files</Filter>
    </MASM>
    <MASM Include="isupper.asm">
      <Filter>Source Files</Filter>
    </MASM>
    <MASM Include="lfcnt.asm">
      <Filter>Source Files</Filter>
    </MASM>
    <MASM Include="line.asm">
      <Filter>Source Files</Filter>
    </MASM>
    <MASM Include="loadlist.asm">
      <Filter>Source Files</Filter>
    </MASM>
    <MASM Include="locate.asm">
      <Filter>Source Files</Filter>
    </MASM>
    <MASM Include="lstdrivs.asm">
      <Filter>Source Files</Filter>
    </MASM>
    <MASM Include="ltoa.asm">
      <Filter>Source Files</Filter>
    </MASM>
    <MASM Include="ltok.asm">
      <Filter>Source Files</Filter>
    </MASM>
    <MASM Include="memcopy.asm">
      <Filter>Source Files</Filter>
    </MASM>
    <MASM Include="memfill.asm">
      <Filter>Source Files</Filter>
    </MASM>
    <MASM Include="namefpth.asm">
      <Filter>Source Files</Filter>
    </MASM>
    <MASM Include="NameFromPathW.asm">
      <Filter>Source Files</Filter>
    </MASM>
    <MASM Include="nrand.asm">
      <Filter>Source Files</Filter>
    </MASM>
    <MASM Include="opendlg.asm">
      <Filter>Source Files</Filter>
    </MASM>
    <MASM Include="pagedlg.asm">
      <Filter>Source Files</Filter>
    </MASM>
    <MASM Include="parsline.asm">
      <Filter>Source Files</Filter>
    </MASM>
    <MASM Include="partial.asm">
      <Filter>Source Files</Filter>
    </MASM>
    <MASM Include="PathOnlyW.asm">
      <Filter>Source Files</Filter>
    </MASM>
    <MASM Include="printdlg.asm">
      <Filter>Source Files</Filter>
    </MASM>
    <MASM Include="qsorta.asm">
      <Filter>Source Files</Filter>
    </MASM>
    <MASM Include="qsortd.asm">
      <Filter>Source Files</Filter>
    </MASM>
    <MASM Include="qstsorta.asm">
      <Filter>Source Files</Filter>
    </MASM>
    <MASM Include="qstsortd.asm">
      <Filter>Source Files</Filter>
    </MASM>
    <MASM Include="readdisk.asm">
      <Filter>Source Files</Filter>
    </MASM>
    <MASM Include="readdiskW.asm">
      <Filter>Source Files</Filter>
    </MASM>
    <MASM Include="readline.asm">
      <Filter>Source Files</Filter>
    </MASM>
    <MASM Include="reload.asm">
      <Filter>Source Files</Filter>
    </MASM>
    <MASM Include="resave.asm">
      <Filter>Source Files</Filter>
    </MASM>
    <MASM Include="retfont.asm">
      <Filter>Source Files</Filter>
    </MASM>
    <MASM Include="retkey.asm">
      <Filter>Source Files</Filter>
    </MASM>
    <MASM Include="riched1.asm">
      <Filter>Source Files</Filter>
    </MASM>
    <MASM Include="riched2.asm">
      <Filter>Source Files</Filter>
    </MASM>
    <MASM Include="roldata.asm">
      <Filter>Source Files</Filter>
    </MASM>
    <MASM Include="rordata.asm">
      <Filter>Source Files</Filter>
    </MASM>
    <MASM Include="rsync_ex.asm">
      <Filter>Source Files</Filter>
    </MASM>
    <MASM Include="runsync.asm">
      <Filter>Source Files</Filter>
    </MASM>
    <MASM Include="savedlg.asm">
      <Filter>Source Files</Filter>
    </MASM>
    <MASM Include="sbm.asm">
      <Filter>Source Files</Filter>
    </MASM>
    <MASM Include="setbmclr.asm">
      <Filter>Source Files</Filter>
    </MASM>
    <MASM Include="setcbtxt.asm">
      <Filter>Source Files</Filter>
    </MASM>
    <MASM Include="shell.asm">
      <Filter>Source Files</Filter>
    </MASM>
    <MASM Include="shell_ex.asm">
      <Filter>Source Files</Filter>
    </MASM>
    <MASM Include="ssorta.asm">
      <Filter>Source Files</Filter>
    </MASM>
    <MASM Include="ssortd.asm">
      <Filter>Source Files</Filter>
    </MASM>
    <MASM Include="stderr.asm">
      <Filter>Source Files</Filter>
    </MASM>
    <MASM Include="stderrw.asm">
      <Filter>Source Files</Filter>
    </MASM>
    <MASM Include="stdin.asm">
      <Filter>Source Files</Filter>
    </MASM>
    <MASM Include="StdInW.asm">
      <Filter>Source Files</Filter>
    </MASM>
    <MASM Include="stdout.asm">
      <Filter>Source Files</Filter>
    </MASM>
    <MASM Include="stdoutw.asm">
      <Filter>Source Files</Filter>
    </MASM>
    <MASM Include="stripi.asm">
      <Filter>Source Files</Filter>
    </MASM>
    <MASM Include="striplf.asm">
      <Filter>Source Files</Filter>
    </MASM>
    <MASM Include="stripx.asm">
      <Filter>Source Files</Filter>
    </MASM>
    <MASM Include="strlen.asm">
      <Filter>Source Files</Filter>
    </MASM>
    <MASM Include="szappend.asm">
      <Filter>Source Files</Filter>
    </MASM>
    <MASM Include="szcatstr.asm">
      <Filter>Source Files</Filter>
    </MASM>
    <MASM Include="szcmp.asm">
      <Filter>Source Files</Filter>
    </MASM>
    <MASM Include="szcmpi.asm">
      <Filter>Source Files</Filter>
    </MASM>
    <MASM Include="szcopy.asm">
      <Filter>Source Files</Filter>
    </MASM>
    <MASM Include="szleft.asm">
      <Filter>Source Files</Filter>
    </MASM>
    <MASM Include="szlen.asm">
      <Filter>Source Files</Filter>
    </MASM>
    <MASM Include="szlower.asm">
      <Filter>Source Files</Filter>
    </MASM>
    <MASM Include="szltrim.asm">
      <Filter>Source Files</Filter>
    </MASM>
    <MASM Include="szmid.asm">
      <Filter>Source Files</Filter>
    </MASM>
    <MASM Include="szmonosp.asm">
      <Filter>Source Files</Filter>
    </MASM>
    <MASM Include="szmulcat.asm">
      <Filter>Source Files</Filter>
    </MASM>
    <MASM Include="szremove.asm">
      <Filter>Source Files</Filter>
    </MASM>
    <MASM Include="szreplac.asm">
      <Filter>Source Files</Filter>
    </MASM>
    <MASM Include="szrev.asm">
      <Filter>Source Files</Filter>
    </MASM>
    <MASM Include="szright.asm">
      <Filter>Source Files</Filter>
    </MASM>
    <MASM Include="szrtrim.asm">
      <Filter>Source Files</Filter>
    </MASM>
    <MASM Include="sztrim.asm">
      <Filter>Source Files</Filter>
    </MASM>
    <MASM Include="szupper.asm">
      <Filter>Source Files</Filter>
    </MASM>
    <MASM Include="szwcnt.asm">
      <Filter>Source Files</Filter>
    </MASM>
    <MASM Include="testreg.asm">
      <Filter>Source Files</Filter>
    </MASM>
    <MASM Include="tstline.asm">
      <Filter>Source Files</Filter>
    </MASM>
    <MASM Include="ucappend.asm">
      <Filter>Source Files</Filter>
    </MASM>
    <MASM Include="ucArgByNum.asm">
      <Filter>Source Files</Filter>
    </MASM>
    <MASM Include="uccat.asm">
      <Filter>Source Files</Filter>
    </MASM>
    <MASM Include="ucCmdTail.asm">
      <Filter>Source Files</Filter>
    </MASM>
    <MASM Include="uccmp.asm">
      <Filter>Source Files</Filter>
    </MASM>
    <MASM Include="uccopy.asm">
      <Filter>Source Files</Filter>
    </MASM>
    <MASM Include="ucfind.asm">
      <Filter>Source Files</Filter>
    </MASM>
    <MASM Include="ucGetCL.asm">
      <Filter>Source Files</Filter>
    </MASM>
    <MASM Include="ucgetline.asm">
      <Filter>Source Files</Filter>
    </MASM>
    <MASM Include="ucleft.asm">
      <Filter>Source Files</Filter>
    </MASM>
    <MASM Include="uclen.asm">
      <Filter>Source Files</Filter>
    </MASM>
    <MASM Include="uclower.asm">
      <Filter>Source Files</Filter>
    </MASM>
    <MASM Include="ucltrim.asm">
      <Filter>Source Files</Filter>
    </MASM>
    <MASM Include="ucmid.asm">
      <Filter>Source Files</Filter>
    </MASM>
    <MASM Include="ucMonoSpace.asm">
      <Filter>Source Files</Filter>
    </MASM>
    <MASM Include="ucmulcat.asm">
      <Filter>Source Files</Filter>
    </MASM>
    <MASM Include="ucremove.asm">
      <Filter>Source Files</Filter>
    </MASM>
    <MASM Include="ucrep.asm">
      <Filter>Source Files</Filter>
    </MASM>
    <MASM Include="ucrev.asm">
      <Filter>Source Files</Filter>
    </MASM>
    <MASM Include="ucright.asm">
      <Filter>Source Files</Filter>
    </MASM>
    <MASM Include="ucrtrim.asm">
      <Filter>Source Files</Filter>
    </MASM>
    <MASM Include="ucupper.asm">
      <Filter>Source Files</Filter>
    </MASM>
    <MASM Include="ucwcnt.asm">
      <Filter>Source Files</Filter>
    </MASM>
    <MASM Include="udw2str.asm">
      <Filter>Source Files</Filter>
    </MASM>
    <MASM Include="uopendlg.asm">
      <Filter>Source Files</Filter>
    </MASM>
    <MASM Include="usavedlg.asm">
      <Filter>Source Files</Filter>
    </MASM>
    <MASM Include="ustr2dw.asm">
      <Filter>Source Files</Filter>
    </MASM>
    <MASM Include="vtile.asm">
      <Filter>Source Files</Filter>
    </MASM>
    <MASM Include="w2b_ex.asm">
      <Filter>Source Files</Filter>
    </MASM>
    <MASM Include="wait_key.asm">
      <Filter>Source Files</Filter>
    </MASM>
    <MASM Include="wordcnt.asm">
      <Filter>Source Files</Filter>
    </MASM>
    <MASM Include="wordrep.asm">
      <Filter>Source Files</Filter>
    </MASM>
    <MASM Include="writdisk.asm">
      <Filter>Source Files</Filter>
    </MASM>
    <MASM Include="writdiskW.asm">
      <Filter>Source Files</Filter>
    </MASM>
    <MASM Include="writline.asm">
      <Filter>Source Files</Filter>
    </MASM>
    <MASM Include="wshell.asm">
      <Filter>Source Files</Filter>
    </MASM>
    <MASM Include="wtok.asm">
      <Filter>Source Files</Filter>
    </MASM>
    <MASM Include="xordata.asm">
      <Filter>Source Files</Filter>
    </MASM>
  </ItemGroup>
  <ItemGroup>
    <None Include="masm32.inc">
      <Filter>Header Files</Filter>
    </None>
  </ItemGroup>
</Project>